
Microsoft Visual Studio Solution File, Format Version 12.00
# Visual Studio Version 17
VisualStudioVersion = 17.2.32616.157
MinimumVisualStudioVersion = 10.0.40219.1
Project("{FAE04EC0-301F-11D3-BF4B-00C04F79EFBC}") = "MethodsOverloading", "MethodsOverloading\MethodsOverloading.csproj", "{84575E8F-1A8A-448A-A266-8C21243C8FF9}"
EndProject
Global
	GlobalSection(SolutionConfigurationPlatforms) = preSolution
		Debug|Any CPU = Debug|Any CPU
		Release|Any CPU = Release|Any CPU
	EndGlobalSection
	GlobalSection(ProjectConfigurationPlatforms) = postSolution
		{84575E8F-1A8A-448A-A266-8C21243C8FF9}.Debug|Any CPU.ActiveCfg = Debug|Any CPU
		{84575E8F-1A8A-448A-A266-8C21243C8FF9}.Debug|Any CPU.Build.0 = Debug|Any CPU
		{84575E8F-1A8A-448A-A266-8C21243C8FF9}.Release|Any CPU.ActiveCfg = Release|Any CPU
		{84575E8F-1A8A-448A-A266-8C21243C8FF9}.Release|Any CPU.Build.0 = Release|Any CPU
	EndGlobalSection
	GlobalSection(SolutionProperties) = preSolution
		HideSolutionNode = FALSE
	EndGlobalSection
	GlobalSection(ExtensibilityGlobals) = postSolution
		SolutionGuid = {18A0FC3E-C5AC-43D4-BB7F-21A6D7F415D7}
	EndGlobalSection
EndGlobal
